
Microsoft Visual Studio Solution File, Format Version 12.00
# Visual Studio Version 16
VisualStudioVersion = 16.0.29709.97
MinimumVisualStudioVersion = 10.0.40219.1
Project("{FAE04EC0-301F-11D3-BF4B-00C04F79EFBC}") = "SimpleWebScraper", "SimpleWebScraper\SimpleWebScraper.csproj", "{69D60B48-01C8-4D8B-891A-A7A535A1304F}"
EndProject
Global
	GlobalSection(SolutionConfigurationPlatforms) = preSolution
		Debug|Any CPU = Debug|Any CPU
		Release|Any CPU = Release|Any CPU
	EndGlobalSection
	GlobalSection(ProjectConfigurationPlatforms) = postSolution
		{69D60B48-01C8-4D8B-891A-A7A535A1304F}.Debug|Any CPU.ActiveCfg = Debug|Any CPU
		{69D60B48-01C8-4D8B-891A-A7A535A1304F}.Debug|Any CPU.Build.0 = Debug|Any CPU
		{69D60B48-01C8-4D8B-891A-A7A535A1304F}.Release|Any CPU.ActiveCfg = Release|Any CPU
		{69D60B48-01C8-4D8B-891A-A7A535A1304F}.Release|Any CPU.Build.0 = Release|Any CPU
	EndGlobalSection
	GlobalSection(SolutionProperties) = preSolution
		HideSolutionNode = FALSE
	EndGlobalSection
	GlobalSection(ExtensibilityGlobals) = postSolution
		SolutionGuid = {D31FEE91-F759-4051-850A-3897D2A910FE}
	EndGlobalSection
EndGlobal
