
Microsoft Visual Studio Solution File, Format Version 12.00
# Visual Studio 15
VisualStudioVersion = 15.0.28307.438
MinimumVisualStudioVersion = 10.0.40219.1
Project("{FAE04EC0-301F-11D3-BF4B-00C04F79EFBC}") = "Event", "Event\Event.csproj", "{86A199F4-DA09-4589-B468-2A60E952D496}"
EndProject
Global
	GlobalSection(SolutionConfigurationPlatforms) = preSolution
		Debug|Any CPU = Debug|Any CPU
		Release|Any CPU = Release|Any CPU
	EndGlobalSection
	GlobalSection(ProjectConfigurationPlatforms) = postSolution
		{86A199F4-DA09-4589-B468-2A60E952D496}.Debug|Any CPU.ActiveCfg = Debug|Any CPU
		{86A199F4-DA09-4589-B468-2A60E952D496}.Debug|Any CPU.Build.0 = Debug|Any CPU
		{86A199F4-DA09-4589-B468-2A60E952D496}.Release|Any CPU.ActiveCfg = Release|Any CPU
		{86A199F4-DA09-4589-B468-2A60E952D496}.Release|Any CPU.Build.0 = Release|Any CPU
	EndGlobalSection
	GlobalSection(SolutionProperties) = preSolution
		HideSolutionNode = FALSE
	EndGlobalSection
	GlobalSection(ExtensibilityGlobals) = postSolution
		SolutionGuid = {3A4FB5EB-DB87-47A0-AA97-62B95FD1DE84}
	EndGlobalSection
EndGlobal
