
Microsoft Visual Studio Solution File, Format Version 12.00
# Visual Studio 15
VisualStudioVersion = 15.0.28307.438
MinimumVisualStudioVersion = 10.0.40219.1
Project("{FAE04EC0-301F-11D3-BF4B-00C04F79EFBC}") = "delegates", "delegates\delegates.csproj", "{DC4B8A2D-7102-4693-B15A-7F735E44B483}"
EndProject
Global
	GlobalSection(SolutionConfigurationPlatforms) = preSolution
		Debug|Any CPU = Debug|Any CPU
		Release|Any CPU = Release|Any CPU
	EndGlobalSection
	GlobalSection(ProjectConfigurationPlatforms) = postSolution
		{DC4B8A2D-7102-4693-B15A-7F735E44B483}.Debug|Any CPU.ActiveCfg = Debug|Any CPU
		{DC4B8A2D-7102-4693-B15A-7F735E44B483}.Debug|Any CPU.Build.0 = Debug|Any CPU
		{DC4B8A2D-7102-4693-B15A-7F735E44B483}.Release|Any CPU.ActiveCfg = Release|Any CPU
		{DC4B8A2D-7102-4693-B15A-7F735E44B483}.Release|Any CPU.Build.0 = Release|Any CPU
	EndGlobalSection
	GlobalSection(SolutionProperties) = preSolution
		HideSolutionNode = FALSE
	EndGlobalSection
	GlobalSection(ExtensibilityGlobals) = postSolution
		SolutionGuid = {4B7D7FA9-0406-4399-95BE-AD955CDCF107}
	EndGlobalSection
EndGlobal
