
Microsoft Visual Studio Solution File, Format Version 12.00
# Visual Studio 15
VisualStudioVersion = 15.0.28307.438
MinimumVisualStudioVersion = 10.0.40219.1
Project("{FAE04EC0-301F-11D3-BF4B-00C04F79EFBC}") = "extension method", "extension method\extension method.csproj", "{088C8414-9B2B-4ED6-AF40-CF0ED95FB553}"
EndProject
Global
	GlobalSection(SolutionConfigurationPlatforms) = preSolution
		Debug|Any CPU = Debug|Any CPU
		Release|Any CPU = Release|Any CPU
	EndGlobalSection
	GlobalSection(ProjectConfigurationPlatforms) = postSolution
		{088C8414-9B2B-4ED6-AF40-CF0ED95FB553}.Debug|Any CPU.ActiveCfg = Debug|Any CPU
		{088C8414-9B2B-4ED6-AF40-CF0ED95FB553}.Debug|Any CPU.Build.0 = Debug|Any CPU
		{088C8414-9B2B-4ED6-AF40-CF0ED95FB553}.Release|Any CPU.ActiveCfg = Release|Any CPU
		{088C8414-9B2B-4ED6-AF40-CF0ED95FB553}.Release|Any CPU.Build.0 = Release|Any CPU
	EndGlobalSection
	GlobalSection(SolutionProperties) = preSolution
		HideSolutionNode = FALSE
	EndGlobalSection
	GlobalSection(ExtensibilityGlobals) = postSolution
		SolutionGuid = {07EFF4B5-9214-4DB0-A4CA-E3C986D8F1C8}
	EndGlobalSection
EndGlobal
